// !$*UTF8*$!
{
	archiveVersion = 1;
	classes = {
	};
	objectVersion = 77;
	objects = {

/* Begin PBXBuildFile section */
		4E206FACFD3EA0F4876B9FD0 /* Pods_LupaTest.framework in Frameworks */ = {isa = PBXBuildFile; fileRef = 2852863DB53ADE516FC39343 /* Pods_LupaTest.framework */; };
		6AB6E6F3A2CCEA0403D60DC4 /* Pods_LupaTestTests.framework in Frameworks */ = {isa = PBXBuildFile; fileRef = 8BD0F99B00BAECFBA5B26E5E /* Pods_LupaTestTests.framework */; };
		D4B886E1FFEB996428834624 /* Pods_LupaTest_LupaTestUITests.framework in Frameworks */ = {isa = PBXBuildFile; fileRef = 0D6AA646C046242D6E313653 /* Pods_LupaTest_LupaTestUITests.framework */; };
/* End PBXBuildFile section */

/* Begin PBXContainerItemProxy section */
		FC2781B72D859FB900C013CE /* PBXContainerItemProxy */ = {
			isa = PBXContainerItemProxy;
			containerPortal = FC2781982D859FB700C013CE /* Project object */;
			proxyType = 1;
			remoteGlobalIDString = FC27819F2D859FB700C013CE;
			remoteInfo = LupaTest;
		};
		FC2781C12D859FB900C013CE /* PBXContainerItemProxy */ = {
			isa = PBXContainerItemProxy;
			containerPortal = FC2781982D859FB700C013CE /* Project object */;
			proxyType = 1;
			remoteGlobalIDString = FC27819F2D859FB700C013CE;
			remoteInfo = LupaTest;
		};
/* End PBXContainerItemProxy section */

/* Begin PBXFileReference section */
		0D6AA646C046242D6E313653 /* Pods_LupaTest_LupaTestUITests.framework */ = {isa = PBXFileReference; explicitFileType = wrapper.framework; includeInIndex = 0; path = Pods_LupaTest_LupaTestUITests.framework; sourceTree = BUILT_PRODUCTS_DIR; };
		2852863DB53ADE516FC39343 /* Pods_LupaTest.framework */ = {isa = PBXFileReference; explicitFileType = wrapper.framework; includeInIndex = 0; path = Pods_LupaTest.framework; sourceTree = BUILT_PRODUCTS_DIR; };
		8BD0F99B00BAECFBA5B26E5E /* Pods_LupaTestTests.framework */ = {isa = PBXFileReference; explicitFileType = wrapper.framework; includeInIndex = 0; path = Pods_LupaTestTests.framework; sourceTree = BUILT_PRODUCTS_DIR; };
		FC2781A02D859FB700C013CE /* LupaTest.app */ = {isa = PBXFileReference; explicitFileType = wrapper.application; includeInIndex = 0; path = LupaTest.app; sourceTree = BUILT_PRODUCTS_DIR; };
		FC2781B62D859FB900C013CE /* LupaTestTests.xctest */ = {isa = PBXFileReference; explicitFileType = wrapper.cfbundle; includeInIndex = 0; path = LupaTestTests.xctest; sourceTree = BUILT_PRODUCTS_DIR; };
		FC2781C02D859FB900C013CE /* LupaTestUITests.xctest */ = {isa = PBXFileReference; explicitFileType = wrapper.cfbundle; includeInIndex = 0; path = LupaTestUITests.xctest; sourceTree = BUILT_PRODUCTS_DIR; };
		FCF5AF5D2D9EEDDE00C40662 /* Podfile */ = {isa = PBXFileReference; lastKnownFileType = text; path = Podfile; sourceTree = "<group>"; };
/* End PBXFileReference section */

/* Begin PBXFileSystemSynchronizedBuildFileExceptionSet section */
		FC2781C82D859FB900C013CE /* Exceptions for "LupaTest" folder in "LupaTest" target */ = {
			isa = PBXFileSystemSynchronizedBuildFileExceptionSet;
			membershipExceptions = (
				Info.plist,
			);
			target = FC27819F2D859FB700C013CE /* LupaTest */;
		};
/* End PBXFileSystemSynchronizedBuildFileExceptionSet section */

/* Begin PBXFileSystemSynchronizedRootGroup section */
		FC2781A22D859FB700C013CE /* LupaTest */ = {
			isa = PBXFileSystemSynchronizedRootGroup;
			exceptions = (
				FC2781C82D859FB900C013CE /* Exceptions for "LupaTest" folder in "LupaTest" target */,
			);
			path = LupaTest;
			sourceTree = "<group>";
		};
		FC2781B92D859FB900C013CE /* LupaTestTests */ = {
			isa = PBXFileSystemSynchronizedRootGroup;
			path = LupaTestTests;
			sourceTree = "<group>";
		};
		FC2781C32D859FB900C013CE /* LupaTestUITests */ = {
			isa = PBXFileSystemSynchronizedRootGroup;
			path = LupaTestUITests;
			sourceTree = "<group>";
		};
/* End PBXFileSystemSynchronizedRootGroup section */

/* Begin PBXFrameworksBuildPhase section */
		FC27819D2D859FB700C013CE /* Frameworks */ = {
			isa = PBXFrameworksBuildPhase;
			buildActionMask = 2147483647;
			files = (
				4E206FACFD3EA0F4876B9FD0 /* Pods_LupaTest.framework in Frameworks */,
			);
			runOnlyForDeploymentPostprocessing = 0;
		};
		FC2781B32D859FB900C013CE /* Frameworks */ = {
			isa = PBXFrameworksBuildPhase;
			buildActionMask = 2147483647;
			files = (
				6AB6E6F3A2CCEA0403D60DC4 /* Pods_LupaTestTests.framework in Frameworks */,
			);
			runOnlyForDeploymentPostprocessing = 0;
		};
		FC2781BD2D859FB900C013CE /* Frameworks */ = {
			isa = PBXFrameworksBuildPhase;
			buildActionMask = 2147483647;
			files = (
				D4B886E1FFEB996428834624 /* Pods_LupaTest_LupaTestUITests.framework in Frameworks */,
			);
			runOnlyForDeploymentPostprocessing = 0;
		};
/* End PBXFrameworksBuildPhase section */

/* Begin PBXGroup section */
		0F0A359E508347DC7A70736C /* Frameworks */ = {
			isa = PBXGroup;
			children = (
				2852863DB53ADE516FC39343 /* Pods_LupaTest.framework */,
				0D6AA646C046242D6E313653 /* Pods_LupaTest_LupaTestUITests.framework */,
				8BD0F99B00BAECFBA5B26E5E /* Pods_LupaTestTests.framework */,
			);
			name = Frameworks;
			sourceTree = "<group>";
		};
		FC2781972D859FB700C013CE = {
			isa = PBXGroup;
			children = (
				FCF5AF5D2D9EEDDE00C40662 /* Podfile */,
				FC2781A22D859FB700C013CE /* LupaTest */,
				FC2781B92D859FB900C013CE /* LupaTestTests */,
				FC2781C32D859FB900C013CE /* LupaTestUITests */,
				FC2781A12D859FB700C013CE /* Products */,
				0F0A359E508347DC7A70736C /* Frameworks */,
			);
			sourceTree = "<group>";
		};
		FC2781A12D859FB700C013CE /* Products */ = {
			isa = PBXGroup;
			children = (
				FC2781A02D859FB700C013CE /* LupaTest.app */,
				FC2781B62D859FB900C013CE /* LupaTestTests.xctest */,
				FC2781C02D859FB900C013CE /* LupaTestUITests.xctest */,
			);
			name = Products;
			sourceTree = "<group>";
		};
/* End PBXGroup section */

/* Begin PBXNativeTarget section */
		FC27819F2D859FB700C013CE /* LupaTest */ = {
			isa = PBXNativeTarget;
			buildConfigurationList = FC2781C92D859FB900C013CE /* Build configuration list for PBXNativeTarget "LupaTest" */;
			buildPhases = (
				7D051BAE0B2B53265FF37DE3 /* [CP] Check Pods Manifest.lock */,
				FC27819C2D859FB700C013CE /* Sources */,
				FC27819D2D859FB700C013CE /* Frameworks */,
				FC27819E2D859FB700C013CE /* Resources */,
			);
			buildRules = (
			);
			dependencies = (
			);
			fileSystemSynchronizedGroups = (
				FC2781A22D859FB700C013CE /* LupaTest */,
			);
			name = LupaTest;
			productName = LupaTest;
			productReference = FC2781A02D859FB700C013CE /* LupaTest.app */;
			productType = "com.apple.product-type.application";
		};
		FC2781B52D859FB900C013CE /* LupaTestTests */ = {
			isa = PBXNativeTarget;
			buildConfigurationList = FC2781CE2D859FB900C013CE /* Build configuration list for PBXNativeTarget "LupaTestTests" */;
			buildPhases = (
				1195B556D874707FDABB4961 /* [CP] Check Pods Manifest.lock */,
				FC2781B22D859FB900C013CE /* Sources */,
				FC2781B32D859FB900C013CE /* Frameworks */,
				FC2781B42D859FB900C013CE /* Resources */,
			);
			buildRules = (
			);
			dependencies = (
				FC2781B82D859FB900C013CE /* PBXTargetDependency */,
			);
			fileSystemSynchronizedGroups = (
				FC2781B92D859FB900C013CE /* LupaTestTests */,
			);
			name = LupaTestTests;
			productName = LupaTestTests;
			productReference = FC2781B62D859FB900C013CE /* LupaTestTests.xctest */;
			productType = "com.apple.product-type.bundle.unit-test";
		};
		FC2781BF2D859FB900C013CE /* LupaTestUITests */ = {
			isa = PBXNativeTarget;
			buildConfigurationList = FC2781D12D859FB900C013CE /* Build configuration list for PBXNativeTarget "LupaTestUITests" */;
			buildPhases = (
				1D0844473C347A23E2F4A737 /* [CP] Check Pods Manifest.lock */,
				FC2781BC2D859FB900C013CE /* Sources */,
				FC2781BD2D859FB900C013CE /* Frameworks */,
				FC2781BE2D859FB900C013CE /* Resources */,
			);
			buildRules = (
			);
			dependencies = (
				FC2781C22D859FB900C013CE /* PBXTargetDependency */,
			);
			fileSystemSynchronizedGroups = (
				FC2781C32D859FB900C013CE /* LupaTestUITests */,
			);
			name = LupaTestUITests;
			productName = LupaTestUITests;
			productReference = FC2781C02D859FB900C013CE /* LupaTestUITests.xctest */;
			productType = "com.apple.product-type.bundle.ui-testing";
		};
/* End PBXNativeTarget section */

/* Begin PBXProject section */
		FC2781982D859FB700C013CE /* Project object */ = {
			isa = PBXProject;
			attributes = {
				BuildIndependentTargetsInParallel = 1;
				LastSwiftUpdateCheck = 1620;
				LastUpgradeCheck = 1620;
				TargetAttributes = {
					FC27819F2D859FB700C013CE = {
						CreatedOnToolsVersion = 16.2;
					};
					FC2781B52D859FB900C013CE = {
						CreatedOnToolsVersion = 16.2;
						TestTargetID = FC27819F2D859FB700C013CE;
					};
					FC2781BF2D859FB900C013CE = {
						CreatedOnToolsVersion = 16.2;
						TestTargetID = FC27819F2D859FB700C013CE;
					};
				};
			};
			buildConfigurationList = FC27819B2D859FB700C013CE /* Build configuration list for PBXProject "LupaTest" */;
			developmentRegion = en;
			hasScannedForEncodings = 0;
			knownRegions = (
				en,
				Base,
			);
			mainGroup = FC2781972D859FB700C013CE;
			minimizedProjectReferenceProxies = 1;
			preferredProjectObjectVersion = 77;
			productRefGroup = FC2781A12D859FB700C013CE /* Products */;
			projectDirPath = "";
			projectRoot = "";
			targets = (
				FC27819F2D859FB700C013CE /* LupaTest */,
				FC2781B52D859FB900C013CE /* LupaTestTests */,
				FC2781BF2D859FB900C013CE /* LupaTestUITests */,
			);
		};
/* End PBXProject section */

/* Begin PBXResourcesBuildPhase section */
		FC27819E2D859FB700C013CE /* Resources */ = {
			isa = PBXResourcesBuildPhase;
			buildActionMask = 2147483647;
			files = (
			);
			runOnlyForDeploymentPostprocessing = 0;
		};
		FC2781B42D859FB900C013CE /* Resources */ = {
			isa = PBXResourcesBuildPhase;
			buildActionMask = 2147483647;
			files = (
			);
			runOnlyForDeploymentPostprocessing = 0;
		};
		FC2781BE2D859FB900C013CE /* Resources */ = {
			isa = PBXResourcesBuildPhase;
			buildActionMask = 2147483647;
			files = (
			);
			runOnlyForDeploymentPostprocessing = 0;
		};
/* End PBXResourcesBuildPhase section */

/* Begin PBXShellScriptBuildPhase section */
		1195B556D874707FDABB4961 /* [CP] Check Pods Manifest.lock */ = {
			isa = PBXShellScriptBuildPhase;
			buildActionMask = 2147483647;
			files = (
			);
			inputFileListPaths = (
			);
			inputPaths = (
				"${PODS_PODFILE_DIR_PATH}/Podfile.lock",
				"${PODS_ROOT}/Manifest.lock",
			);
			name = "[CP] Check Pods Manifest.lock";
			outputFileListPaths = (
			);
			outputPaths = (
				"$(DERIVED_FILE_DIR)/Pods-LupaTestTests-checkManifestLockResult.txt",
			);
			runOnlyForDeploymentPostprocessing = 0;
			shellPath = /bin/sh;
			shellScript = "diff \"${PODS_PODFILE_DIR_PATH}/Podfile.lock\" \"${PODS_ROOT}/Manifest.lock\" > /dev/null\nif [ $? != 0 ] ; then\n    # print error to STDERR\n    echo \"error: The sandbox is not in sync with the Podfile.lock. Run 'pod install' or update your CocoaPods installation.\" >&2\n    exit 1\nfi\n# This output is used by Xcode 'outputs' to avoid re-running this script phase.\necho \"SUCCESS\" > \"${SCRIPT_OUTPUT_FILE_0}\"\n";
			showEnvVarsInLog = 0;
		};
		1D0844473C347A23E2F4A737 /* [CP] Check Pods Manifest.lock */ = {
			isa = PBXShellScriptBuildPhase;
			buildActionMask = 2147483647;
			files = (
			);
			inputFileListPaths = (
			);
			inputPaths = (
				"${PODS_PODFILE_DIR_PATH}/Podfile.lock",
				"${PODS_ROOT}/Manifest.lock",
			);
			name = "[CP] Check Pods Manifest.lock";
			outputFileListPaths = (
			);
			outputPaths = (
				"$(DERIVED_FILE_DIR)/Pods-LupaTest-LupaTestUITests-checkManifestLockResult.txt",
			);
			runOnlyForDeploymentPostprocessing = 0;
			shellPath = /bin/sh;
			shellScript = "diff \"${PODS_PODFILE_DIR_PATH}/Podfile.lock\" \"${PODS_ROOT}/Manifest.lock\" > /dev/null\nif [ $? != 0 ] ; then\n    # print error to STDERR\n    echo \"error: The sandbox is not in sync with the Podfile.lock. Run 'pod install' or update your CocoaPods installation.\" >&2\n    exit 1\nfi\n# This output is used by Xcode 'outputs' to avoid re-running this script phase.\necho \"SUCCESS\" > \"${SCRIPT_OUTPUT_FILE_0}\"\n";
			showEnvVarsInLog = 0;
		};
		7D051BAE0B2B53265FF37DE3 /* [CP] Check Pods Manifest.lock */ = {
			isa = PBXShellScriptBuildPhase;
			buildActionMask = 2147483647;
			files = (
			);
			inputFileListPaths = (
			);
			inputPaths = (
				"${PODS_PODFILE_DIR_PATH}/Podfile.lock",
				"${PODS_ROOT}/Manifest.lock",
			);
			name = "[CP] Check Pods Manifest.lock";
			outputFileListPaths = (
			);
			outputPaths = (
				"$(DERIVED_FILE_DIR)/Pods-LupaTest-checkManifestLockResult.txt",
			);
			runOnlyForDeploymentPostprocessing = 0;
			shellPath = /bin/sh;
			shellScript = "diff \"${PODS_PODFILE_DIR_PATH}/Podfile.lock\" \"${PODS_ROOT}/Manifest.lock\" > /dev/null\nif [ $? != 0 ] ; then\n    # print error to STDERR\n    echo \"error: The sandbox is not in sync with the Podfile.lock. Run 'pod install' or update your CocoaPods installation.\" >&2\n    exit 1\nfi\n# This output is used by Xcode 'outputs' to avoid re-running this script phase.\necho \"SUCCESS\" > \"${SCRIPT_OUTPUT_FILE_0}\"\n";
			showEnvVarsInLog = 0;
		};
/* End PBXShellScriptBuildPhase section */

/* Begin PBXSourcesBuildPhase section */
		FC27819C2D859FB700C013CE /* Sources */ = {
			isa = PBXSourcesBuildPhase;
			buildActionMask = 2147483647;
			files = (
			);
			runOnlyForDeploymentPostprocessing = 0;
		};
		FC2781B22D859FB900C013CE /* Sources */ = {
			isa = PBXSourcesBuildPhase;
			buildActionMask = 2147483647;
			files = (
			);
			runOnlyForDeploymentPostprocessing = 0;
		};
		FC2781BC2D859FB900C013CE /* Sources */ = {
			isa = PBXSourcesBuildPhase;
			buildActionMask = 2147483647;
			files = (
			);
			runOnlyForDeploymentPostprocessing = 0;
		};
/* End PBXSourcesBuildPhase section */

/* Begin PBXTargetDependency section */
		FC2781B82D859FB900C013CE /* PBXTargetDependency */ = {
			isa = PBXTargetDependency;
			target = FC27819F2D859FB700C013CE /* LupaTest */;
			targetProxy = FC2781B72D859FB900C013CE /* PBXContainerItemProxy */;
		};
		FC2781C22D859FB900C013CE /* PBXTargetDependency */ = {
			isa = PBXTargetDependency;
			target = FC27819F2D859FB700C013CE /* LupaTest */;
			targetProxy = FC2781C12D859FB900C013CE /* PBXContainerItemProxy */;
		};
/* End PBXTargetDependency section */

/* Begin XCBuildConfiguration section */
		FC2781CA2D859FB900C013CE /* Debug */ = {
			isa = XCBuildConfiguration;
			buildSettings = {
				ASSETCATALOG_COMPILER_APPICON_NAME = AppIcon;
				ASSETCATALOG_COMPILER_GLOBAL_ACCENT_COLOR_NAME = AccentColor;
				CODE_SIGN_STYLE = Automatic;
				CURRENT_PROJECT_VERSION = 1;
				DEVELOPMENT_TEAM = WZ23MKN85G;
				GENERATE_INFOPLIST_FILE = YES;
				INFOPLIST_FILE = LupaTest/Info.plist;
				INFOPLIST_KEY_UIApplicationSupportsIndirectInputEvents = YES;
				INFOPLIST_KEY_UILaunchStoryboardName = LaunchScreen;
				INFOPLIST_KEY_UIMainStoryboardFile = Main;
				INFOPLIST_KEY_UISupportedInterfaceOrientations_iPad = "UIInterfaceOrientationPortrait UIInterfaceOrientationPortraitUpsideDown UIInterfaceOrientationLandscapeLeft UIInterfaceOrientationLandscapeRight";
				INFOPLIST_KEY_UISupportedInterfaceOrientations_iPhone = "UIInterfaceOrientationPortrait UIInterfaceOrientationLandscapeLeft UIInterfaceOrientationLandscapeRight";
				LD_RUNPATH_SEARCH_PATHS = (
					"$(inherited)",
					"@executable_path/Frameworks",
				);
				MARKETING_VERSION = 1.0;
				PRODUCT_BUNDLE_IDENTIFIER = com.stephenlol.LupaTest;
				PRODUCT_NAME = "$(TARGET_NAME)";
				SWIFT_EMIT_LOC_STRINGS = YES;
				SWIFT_VERSION = 5.0;
				TARGETED_DEVICE_FAMILY = "1,2";
			};
			name = Debug;
		};
		FC2781CB2D859FB900C013CE /* Release */ = {
			isa = XCBuildConfiguration;
			buildSettings = {
				ASSETCATALOG_COMPILER_APPICON_NAME = AppIcon;
				ASSETCATALOG_COMPILER_GLOBAL_ACCENT_COLOR_NAME = AccentColor;
				CODE_SIGN_STYLE = Automatic;
				CURRENT_PROJECT_VERSION = 1;
				DEVELOPMENT_TEAM = WZ23MKN85G;
				GENERATE_INFOPLIST_FILE = YES;
				INFOPLIST_FILE = LupaTest/Info.plist;
				INFOPLIST_KEY_UIApplicationSupportsIndirectInputEvents = YES;
				INFOPLIST_KEY_UILaunchStoryboardName = LaunchScreen;
				INFOPLIST_KEY_UIMainStoryboardFile = Main;
				INFOPLIST_KEY_UISupportedInterfaceOrientations_iPad = "UIInterfaceOrientationPortrait UIInterfaceOrientationPortraitUpsideDown UIInterfaceOrientationLandscapeLeft UIInterfaceOrientationLandscapeRight";
				INFOPLIST_KEY_UISupportedInterfaceOrientations_iPhone = "UIInterfaceOrientationPortrait UIInterfaceOrientationLandscapeLeft UIInterfaceOrientationLandscapeRight";
				LD_RUNPATH_SEARCH_PATHS = (
					"$(inherited)",
					"@executable_path/Frameworks",
				);
				MARKETING_VERSION = 1.0;
				PRODUCT_BUNDLE_IDENTIFIER = com.stephenlol.LupaTest;
				PRODUCT_NAME = "$(TARGET_NAME)";
				SWIFT_EMIT_LOC_STRINGS = YES;
				SWIFT_VERSION = 5.0;
				TARGETED_DEVICE_FAMILY = "1,2";
			};
			name = Release;
		};
		FC2781CC2D859FB900C013CE /* Debug */ = {
			isa = XCBuildConfiguration;
			buildSettings = {
				ALWAYS_SEARCH_USER_PATHS = NO;
				ASSETCATALOG_COMPILER_GENERATE_SWIFT_ASSET_SYMBOL_EXTENSIONS = YES;
				CLANG_ANALYZER_NONNULL = YES;
				CLANG_ANALYZER_NUMBER_OBJECT_CONVERSION = YES_AGGRESSIVE;
				CLANG_CXX_LANGUAGE_STANDARD = "gnu++20";
				CLANG_ENABLE_MODULES = YES;
				CLANG_ENABLE_OBJC_ARC = YES;
				CLANG_ENABLE_OBJC_WEAK = YES;
				CLANG_WARN_BLOCK_CAPTURE_AUTORELEASING = YES;
				CLANG_WARN_BOOL_CONVERSION = YES;
				CLANG_WARN_COMMA = YES;
				CLANG_WARN_CONSTANT_CONVERSION = YES;
				CLANG_WARN_DEPRECATED_OBJC_IMPLEMENTATIONS = YES;
				CLANG_WARN_DIRECT_OBJC_ISA_USAGE = YES_ERROR;
				CLANG_WARN_DOCUMENTATION_COMMENTS = YES;
				CLANG_WARN_EMPTY_BODY = YES;
				CLANG_WARN_ENUM_CONVERSION = YES;
				CLANG_WARN_INFINITE_RECURSION = YES;
				CLANG_WARN_INT_CONVERSION = YES;
				CLANG_WARN_NON_LITERAL_NULL_CONVERSION = YES;
				CLANG_WARN_OBJC_IMPLICIT_RETAIN_SELF = YES;
				CLANG_WARN_OBJC_LITERAL_CONVERSION = YES;
				CLANG_WARN_OBJC_ROOT_CLASS = YES_ERROR;
				CLANG_WARN_QUOTED_INCLUDE_IN_FRAMEWORK_HEADER = YES;
				CLANG_WARN_RANGE_LOOP_ANALYSIS = YES;
				CLANG_WARN_STRICT_PROTOTYPES = YES;
				CLANG_WARN_SUSPICIOUS_MOVE = YES;
				CLANG_WARN_UNGUARDED_AVAILABILITY = YES_AGGRESSIVE;
				CLANG_WARN_UNREACHABLE_CODE = YES;
				CLANG_WARN__DUPLICATE_METHOD_MATCH = YES;
				COPY_PHASE_STRIP = NO;
				DEBUG_INFORMATION_FORMAT = dwarf;
				ENABLE_STRICT_OBJC_MSGSEND = YES;
				ENABLE_TESTABILITY = YES;
				ENABLE_USER_SCRIPT_SANDBOXING = YES;
				GCC_C_LANGUAGE_STANDARD = gnu17;
				GCC_DYNAMIC_NO_PIC = NO;
				GCC_NO_COMMON_BLOCKS = YES;
				GCC_OPTIMIZATION_LEVEL = 0;
				GCC_PREPROCESSOR_DEFINITIONS = (
					"DEBUG=1",
					"$(inherited)",
				);
				GCC_WARN_64_TO_32_BIT_CONVERSION = YES;
				GCC_WARN_ABOUT_RETURN_TYPE = YES_ERROR;
				GCC_WARN_UNDECLARED_SELECTOR = YES;
				GCC_WARN_UNINITIALIZED_AUTOS = YES_AGGRESSIVE;
				GCC_WARN_UNUSED_FUNCTION = YES;
				GCC_WARN_UNUSED_VARIABLE = YES;
				IPHONEOS_DEPLOYMENT_TARGET = 18.2;
				LOCALIZATION_PREFERS_STRING_CATALOGS = YES;
				MTL_ENABLE_DEBUG_INFO = INCLUDE_SOURCE;
				MTL_FAST_MATH = YES;
				ONLY_ACTIVE_ARCH = YES;
				SDKROOT = iphoneos;
				SWIFT_ACTIVE_COMPILATION_CONDITIONS = "DEBUG $(inherited)";
				SWIFT_OPTIMIZATION_LEVEL = "-Onone";
			};
			name = Debug;
		};
		FC2781CD2D859FB900C013CE /* Release */ = {
			isa = XCBuildConfiguration;
			buildSettings = {
				ALWAYS_SEARCH_USER_PATHS = NO;
				ASSETCATALOG_COMPILER_GENERATE_SWIFT_ASSET_SYMBOL_EXTENSIONS = YES;
				CLANG_ANALYZER_NONNULL = YES;
				CLANG_ANALYZER_NUMBER_OBJECT_CONVERSION = YES_AGGRESSIVE;
				CLANG_CXX_LANGUAGE_STANDARD = "gnu++20";
				CLANG_ENABLE_MODULES = YES;
				CLANG_ENABLE_OBJC_ARC = YES;
				CLANG_ENABLE_OBJC_WEAK = YES;
				CLANG_WARN_BLOCK_CAPTURE_AUTORELEASING = YES;
				CLANG_WARN_BOOL_CONVERSION = YES;
				CLANG_WARN_COMMA = YES;
				CLANG_WARN_CONSTANT_CONVERSION = YES;
				CLANG_WARN_DEPRECATED_OBJC_IMPLEMENTATIONS = YES;
				CLANG_WARN_DIRECT_OBJC_ISA_USAGE = YES_ERROR;
				CLANG_WARN_DOCUMENTATION_COMMENTS = YES;
				CLANG_WARN_EMPTY_BODY = YES;
				CLANG_WARN_ENUM_CONVERSION = YES;
				CLANG_WARN_INFINITE_RECURSION = YES;
				CLANG_WARN_INT_CONVERSION = YES;
				CLANG_WARN_NON_LITERAL_NULL_CONVERSION = YES;
				CLANG_WARN_OBJC_IMPLICIT_RETAIN_SELF = YES;
				CLANG_WARN_OBJC_LITERAL_CONVERSION = YES;
				CLANG_WARN_OBJC_ROOT_CLASS = YES_ERROR;
				CLANG_WARN_QUOTED_INCLUDE_IN_FRAMEWORK_HEADER = YES;
				CLANG_WARN_RANGE_LOOP_ANALYSIS = YES;
				CLANG_WARN_STRICT_PROTOTYPES = YES;
				CLANG_WARN_SUSPICIOUS_MOVE = YES;
				CLANG_WARN_UNGUARDED_AVAILABILITY = YES_AGGRESSIVE;
				CLANG_WARN_UNREACHABLE_CODE = YES;
				CLANG_WARN__DUPLICATE_METHOD_MATCH = YES;
				COPY_PHASE_STRIP = NO;
				DEBUG_INFORMATION_FORMAT = "dwarf-with-dsym";
				ENABLE_NS_ASSERTIONS = NO;
				ENABLE_STRICT_OBJC_MSGSEND = YES;
				ENABLE_USER_SCRIPT_SANDBOXING = YES;
				GCC_C_LANGUAGE_STANDARD = gnu17;
				GCC_NO_COMMON_BLOCKS = YES;
				GCC_WARN_64_TO_32_BIT_CONVERSION = YES;
				GCC_WARN_ABOUT_RETURN_TYPE = YES_ERROR;
				GCC_WARN_UNDECLARED_SELECTOR = YES;
				GCC_WARN_UNINITIALIZED_AUTOS = YES_AGGRESSIVE;
				GCC_WARN_UNUSED_FUNCTION = YES;
				GCC_WARN_UNUSED_VARIABLE = YES;
				IPHONEOS_DEPLOYMENT_TARGET = 18.2;
				LOCALIZATION_PREFERS_STRING_CATALOGS = YES;
				MTL_ENABLE_DEBUG_INFO = NO;
				MTL_FAST_MATH = YES;
				SDKROOT = iphoneos;
				SWIFT_COMPILATION_MODE = wholemodule;
				VALIDATE_PRODUCT = YES;
			};
			name = Release;
		};
		FC2781CF2D859FB900C013CE /* Debug */ = {
			isa = XCBuildConfiguration;
			buildSettings = {
				BUNDLE_LOADER = "$(TEST_HOST)";
				CODE_SIGN_STYLE = Automatic;
				CURRENT_PROJECT_VERSION = 1;
				DEVELOPMENT_TEAM = WZ23MKN85G;
				GENERATE_INFOPLIST_FILE = YES;
				IPHONEOS_DEPLOYMENT_TARGET = 18.2;
				MARKETING_VERSION = 1.0;
				PRODUCT_BUNDLE_IDENTIFIER = com.stephenlol.LupaTestTests;
				PRODUCT_NAME = "$(TARGET_NAME)";
				SWIFT_EMIT_LOC_STRINGS = NO;
				SWIFT_VERSION = 5.0;
				TARGETED_DEVICE_FAMILY = "1,2";
				TEST_HOST = "$(BUILT_PRODUCTS_DIR)/LupaTest.app/$(BUNDLE_EXECUTABLE_FOLDER_PATH)/LupaTest";
			};
			name = Debug;
		};
		FC2781D02D859FB900C013CE /* Release */ = {
			isa = XCBuildConfiguration;
			buildSettings = {
				BUNDLE_LOADER = "$(TEST_HOST)";
				CODE_SIGN_STYLE = Automatic;
				CURRENT_PROJECT_VERSION = 1;
				GENERATE_INFOPLIST_FILE = YES;
				IPHONEOS_DEPLOYMENT_TARGET = 18.2;
				MARKETING_VERSION = 1.0;
				PRODUCT_BUNDLE_IDENTIFIER = com.stephenlol.LupaTestTests;
				PRODUCT_NAME = "$(TARGET_NAME)";
				SWIFT_EMIT_LOC_STRINGS = NO;
				SWIFT_VERSION = 5.0;
				TARGETED_DEVICE_FAMILY = "1,2";
				TEST_HOST = "$(BUILT_PRODUCTS_DIR)/LupaTest.app/$(BUNDLE_EXECUTABLE_FOLDER_PATH)/LupaTest";
			};
			name = Release;
		};
		FC2781D22D859FB900C013CE /* Debug */ = {
			isa = XCBuildConfiguration;
			buildSettings = {
				CODE_SIGN_STYLE = Automatic;
				CURRENT_PROJECT_VERSION = 1;
				GENERATE_INFOPLIST_FILE = YES;
				MARKETING_VERSION = 1.0;
				PRODUCT_BUNDLE_IDENTIFIER = com.stephenlol.LupaTestUITests;
				PRODUCT_NAME = "$(TARGET_NAME)";
				SWIFT_EMIT_LOC_STRINGS = NO;
				SWIFT_VERSION = 5.0;
				TARGETED_DEVICE_FAMILY = "1,2";
				TEST_TARGET_NAME = LupaTest;
			};
			name = Debug;
		};
		FC2781D32D859FB900C013CE /* Release */ = {
			isa = XCBuildConfiguration;
			buildSettings = {
				CODE_SIGN_STYLE = Automatic;
				CURRENT_PROJECT_VERSION = 1;
				GENERATE_INFOPLIST_FILE = YES;
				MARKETING_VERSION = 1.0;
				PRODUCT_BUNDLE_IDENTIFIER = com.stephenlol.LupaTestUITests;
				PRODUCT_NAME = "$(TARGET_NAME)";
				SWIFT_EMIT_LOC_STRINGS = NO;
				SWIFT_VERSION = 5.0;
				TARGETED_DEVICE_FAMILY = "1,2";
				TEST_TARGET_NAME = LupaTest;
			};
			name = Release;
		};
/* End XCBuildConfiguration section */

/* Begin XCConfigurationList section */
		FC27819B2D859FB700C013CE /* Build configuration list for PBXProject "LupaTest" */ = {
			isa = XCConfigurationList;
			buildConfigurations = (
				FC2781CC2D859FB900C013CE /* Debug */,
				FC2781CD2D859FB900C013CE /* Release */,
			);
			defaultConfigurationIsVisible = 0;
			defaultConfigurationName = Release;
		};
		FC2781C92D859FB900C013CE /* Build configuration list for PBXNativeTarget "LupaTest" */ = {
			isa = XCConfigurationList;
			buildConfigurations = (
				FC2781CA2D859FB900C013CE /* Debug */,
				FC2781CB2D859FB900C013CE /* Release */,
			);
			defaultConfigurationIsVisible = 0;
			defaultConfigurationName = Release;
		};
		FC2781CE2D859FB900C013CE /* Build configuration list for PBXNativeTarget "LupaTestTests" */ = {
			isa = XCConfigurationList;
			buildConfigurations = (
				FC2781CF2D859FB900C013CE /* Debug */,
				FC2781D02D859FB900C013CE /* Release */,
			);
			defaultConfigurationIsVisible = 0;
			defaultConfigurationName = Release;
		};
		FC2781D12D859FB900C013CE /* Build configuration list for PBXNativeTarget "LupaTestUITests" */ = {
			isa = XCConfigurationList;
			buildConfigurations = (
				FC2781D22D859FB900C013CE /* Debug */,
				FC2781D32D859FB900C013CE /* Release */,
			);
			defaultConfigurationIsVisible = 0;
			defaultConfigurationName = Release;
		};
/* End XCConfigurationList section */
	};
	rootObject = FC2781982D859FB700C013CE /* Project object */;
}
